{
  "name": "collate-errors",
  "version": "1.0.0",
  "lockfileVersion": 2,
  "requires": true,
  "packages": {
    "": {
      "name": "collate-errors",
      "version": "1.0.0",
      "dependencies": {
        "a": "file:./a-1.0.0.tgz",
        "b": "file:./b-1.0.0.tgz"
      }
    },
    "node_modules/a": {
      "version": "1.0.0",
      "resolved": "file:a-1.0.0.tgz",
      "integrity": "sha512-fbiKByokLecehx//59QggIWA64xBO3y7BlRbDD9L8GJOaSAOt+SBGHrf0JoorPOs7CpLOe06L9V9Uwj/570Sjg==",
      "license": "MIT"
    },
    "node_modules/b": {
      "version": "1.0.0",
      "resolved": "file:b-1.0.0.tgz",
      "integrity": "sha512-y964Itmq5tyG5xxOkqlNCSN8SFpUR2PSE+9rcngcJV1VYERO4jYKev7NJ6Wj8W2gDe+4qf/7wfCySE8Mr8Aihg==",
      "license": "MIT"
    }
  },
  "dependencies": {
    "a": {
      "version": "file:a-1.0.0.tgz",
      "integrity": "sha512-fbiKByokLecehx//59QggIWA64xBO3y7BlRbDD9L8GJOaSAOt+SBGHrf0JoorPOs7CpLOe06L9V9Uwj/570Sjg=="
    },
    "b": {
      "version": "file:b-1.0.0.tgz",
      "integrity": "sha512-y964Itmq5tyG5xxOkqlNCSN8SFpUR2PSE+9rcngcJV1VYERO4jYKev7NJ6Wj8W2gDe+4qf/7wfCySE8Mr8Aihg=="
    }
  }
}
