{
  "name": "scoped-package",
  "lockfileVersion": 2,
  "requires": true,
  "packages": {
    "": {
      "name": "scoped-package",
      "dependencies": {
        "@types/a": "file:@types+a-1.0.0.tgz"
      }
    },
    "node_modules/@types/a": {
      "version": "1.0.0",
      "resolved": "file:@types+a-1.0.0.tgz",
      "integrity": "sha512-pZVNH1feAZnkh3wSe3pzsX4ZCB2tWiHu5TuQioqauAxBg7NTlAbkGdcrwdFCznaB5AcWKeG5JIZukYPpi27ZaA==",
      "license": "MIT"
    }
  },
  "dependencies": {
    "@types/a": {
      "version": "file:@types+a-1.0.0.tgz",
      "integrity": "sha512-pZVNH1feAZnkh3wSe3pzsX4ZCB2tWiHu5TuQioqauAxBg7NTlAbkGdcrwdFCznaB5AcWKeG5JIZukYPpi27ZaA=="
    }
  }
}
